
Microsoft Visual Studio Solution File, Format Version 12.00
# Visual Studio 14
VisualStudioVersion = 14.0.25420.1
MinimumVisualStudioVersion = 10.0.40219.1
Project("{2150E333-8FDC-42A3-9474-1A3956D46DE8}") = "src", "src", "{996C1468-E379-4EBF-9C2D-1F60972D190F}"
EndProject
Project("{2150E333-8FDC-42A3-9474-1A3956D46DE8}") = "Solution Items", "Solution Items", "{7A78B697-D26C-4450-BA57-1B16B0BD83BA}"
	ProjectSection(SolutionItems) = preProject
		global.json = global.json
	EndProjectSection
EndProject
Project("{8BB2217D-0F2D-49D1-97BC-3654ED321F3B}") = "MusicStore", "src\MusicStore\MusicStore.xproj", "{0B5BFCB4-B43E-491C-8304-1F345BF6112C}"
EndProject
Project("{2150E333-8FDC-42A3-9474-1A3956D46DE8}") = "Tests", "Tests", "{F2AAABCB-2802-4310-A4A2-2F1B7A801F76}"
EndProject
Project("{8BB2217D-0F2D-49D1-97BC-3654ED321F3B}") = "MusicStore.Tests", "MusicStore.Tests\MusicStore.Tests.xproj", "{55072B04-98F0-4C34-82C7-17F02FE7BE66}"
EndProject
Global
	GlobalSection(SolutionConfigurationPlatforms) = preSolution
		Debug|Any CPU = Debug|Any CPU
		Release|Any CPU = Release|Any CPU
	EndGlobalSection
	GlobalSection(ProjectConfigurationPlatforms) = postSolution
		{0B5BFCB4-B43E-491C-8304-1F345BF6112C}.Debug|Any CPU.ActiveCfg = Debug|Any CPU
		{0B5BFCB4-B43E-491C-8304-1F345BF6112C}.Debug|Any CPU.Build.0 = Debug|Any CPU
		{0B5BFCB4-B43E-491C-8304-1F345BF6112C}.Release|Any CPU.ActiveCfg = Release|Any CPU
		{0B5BFCB4-B43E-491C-8304-1F345BF6112C}.Release|Any CPU.Build.0 = Release|Any CPU
		{55072B04-98F0-4C34-82C7-17F02FE7BE66}.Debug|Any CPU.ActiveCfg = Debug|Any CPU
		{55072B04-98F0-4C34-82C7-17F02FE7BE66}.Debug|Any CPU.Build.0 = Debug|Any CPU
		{55072B04-98F0-4C34-82C7-17F02FE7BE66}.Release|Any CPU.ActiveCfg = Release|Any CPU
		{55072B04-98F0-4C34-82C7-17F02FE7BE66}.Release|Any CPU.Build.0 = Release|Any CPU
	EndGlobalSection
	GlobalSection(SolutionProperties) = preSolution
		HideSolutionNode = FALSE
	EndGlobalSection
	GlobalSection(NestedProjects) = preSolution
		{0B5BFCB4-B43E-491C-8304-1F345BF6112C} = {996C1468-E379-4EBF-9C2D-1F60972D190F}
		{55072B04-98F0-4C34-82C7-17F02FE7BE66} = {F2AAABCB-2802-4310-A4A2-2F1B7A801F76}
	EndGlobalSection
EndGlobal
